
Microsoft Visual Studio Solution File, Format Version 12.00
# Visual Studio 15
VisualStudioVersion = 15.0.27130.2027
MinimumVisualStudioVersion = 10.0.40219.1
Project("{FAE04EC0-301F-11D3-BF4B-00C04F79EFBC}") = "EmployeeMgt", "EmployeeMgt\EmployeeMgt.csproj", "{2B82152D-8269-40D8-872A-C2587A3003A0}"
EndProject
Global
	GlobalSection(SolutionConfigurationPlatforms) = preSolution
		Debug|Any CPU = Debug|Any CPU
		Release|Any CPU = Release|Any CPU
	EndGlobalSection
	GlobalSection(ProjectConfigurationPlatforms) = postSolution
		{2B82152D-8269-40D8-872A-C2587A3003A0}.Debug|Any CPU.ActiveCfg = Debug|Any CPU
		{2B82152D-8269-40D8-872A-C2587A3003A0}.Debug|Any CPU.Build.0 = Debug|Any CPU
		{2B82152D-8269-40D8-872A-C2587A3003A0}.Release|Any CPU.ActiveCfg = Release|Any CPU
		{2B82152D-8269-40D8-872A-C2587A3003A0}.Release|Any CPU.Build.0 = Release|Any CPU
	EndGlobalSection
	GlobalSection(SolutionProperties) = preSolution
		HideSolutionNode = FALSE
	EndGlobalSection
	GlobalSection(ExtensibilityGlobals) = postSolution
		SolutionGuid = {0255B999-37B6-40CA-A54B-BB0DAFA58B14}
	EndGlobalSection
EndGlobal
